# This file is automatically @generated by Cargo.
# It is not intended for manual editing.
version = 4

[[package]]
name = "bench"
version = "0.1.0"
dependencies = [
 "qoi",
 "rapid-qoi",
]

[[package]]
name = "bytemuck"
version = "1.25.2"
source = "registry+https://github.com/rust-lang/crates.io-index"
checksum = "95832e849adfb21180ccb6826a99da14e5d266ae5c2e668e1602cf234f153797"

[[package]]
name = "qoi"
version = "0.4.1"
source = "registry+https://github.com/rust-lang/crates.io-index"
checksum = "7f6d64c71eb498fe9eae14ce4ec935c555749aef511cca85b5568910d6e48001"
dependencies = [
 "bytemuck",
]

[[package]]
name = "rapid-qoi"
version = "0.6.1"
source = "registry+https://github.com/rust-lang/crates.io-index"
checksum = "965d4fa3abc71547be1527fa00e08c1114f972d3d2b9209563b420d301a257ac"
dependencies = [
 "bytemuck",
]
